// !$*UTF8*$!
{
	archiveVersion = 1;
	classes = {
	};
	objectVersion = 46;
	objects = {

/* Begin PBXBuildFile section */
		4F9743DD1DBD9795001B6525 /* AppDelegate.swift in Sources */ = {isa = PBXBuildFile; fileRef = 4F9743DC1DBD9795001B6525 /* AppDelegate.swift */; };
		4F9743E21DBD9795001B6525 /* Main.storyboard in Resources */ = {isa = PBXBuildFile; fileRef = 4F9743E01DBD9795001B6525 /* Main.storyboard */; };
		4F9743E51DBD9795001B6525 /* Curiosity.xcdatamodeld in Sources */ = {isa = PBXBuildFile; fileRef = 4F9743E31DBD9795001B6525 /* Curiosity.xcdatamodeld */; };
		4F9743E71DBD9795001B6525 /* Assets.xcassets in Resources */ = {isa = PBXBuildFile; fileRef = 4F9743E61DBD9795001B6525 /* Assets.xcassets */; };
		4F9743EA1DBD9795001B6525 /* LaunchScreen.storyboard in Resources */ = {isa = PBXBuildFile; fileRef = 4F9743E81DBD9795001B6525 /* LaunchScreen.storyboard */; };
		4F9743F41DBDB674001B6525 /* MainController.swift in Sources */ = {isa = PBXBuildFile; fileRef = 4F9743F31DBDB674001B6525 /* MainController.swift */; };
		4F9743F61DBDBBC8001B6525 /* GoPiGoService.swift in Sources */ = {isa = PBXBuildFile; fileRef = 4F9743F51DBDBBC8001B6525 /* GoPiGoService.swift */; };
		4F9743F81DBDCD1B001B6525 /* ButtonControlExtension.swift in Sources */ = {isa = PBXBuildFile; fileRef = 4F9743F71DBDCD1B001B6525 /* ButtonControlExtension.swift */; };
/* End PBXBuildFile section */

/* Begin PBXFileReference section */
		4F9743D91DBD9795001B6525 /* Curiosity.app */ = {isa = PBXFileReference; explicitFileType = wrapper.application; includeInIndex = 0; path = Curiosity.app; sourceTree = BUILT_PRODUCTS_DIR; };
		4F9743DC1DBD9795001B6525 /* AppDelegate.swift */ = {isa = PBXFileReference; lastKnownFileType = sourcecode.swift; path = AppDelegate.swift; sourceTree = "<group>"; };
		4F9743E11DBD9795001B6525 /* Base */ = {isa = PBXFileReference; lastKnownFileType = file.storyboard; name = Base; path = Base.lproj/Main.storyboard; sourceTree = "<group>"; };
		4F9743E41DBD9795001B6525 /* Curiosity.xcdatamodel */ = {isa = PBXFileReference; lastKnownFileType = wrapper.xcdatamodel; path = Curiosity.xcdatamodel; sourceTree = "<group>"; };
		4F9743E61DBD9795001B6525 /* Assets.xcassets */ = {isa = PBXFileReference; lastKnownFileType = folder.assetcatalog; path = Assets.xcassets; sourceTree = "<group>"; };
		4F9743E91DBD9795001B6525 /* Base */ = {isa = PBXFileReference; lastKnownFileType = file.storyboard; name = Base; path = Base.lproj/LaunchScreen.storyboard; sourceTree = "<group>"; };
		4F9743EB1DBD9795001B6525 /* Info.plist */ = {isa = PBXFileReference; lastKnownFileType = text.plist.xml; path = Info.plist; sourceTree = "<group>"; };
		4F9743F31DBDB674001B6525 /* MainController.swift */ = {isa = PBXFileReference; fileEncoding = 4; lastKnownFileType = sourcecode.swift; path = MainController.swift; sourceTree = "<group>"; };
		4F9743F51DBDBBC8001B6525 /* GoPiGoService.swift */ = {isa = PBXFileReference; fileEncoding = 4; lastKnownFileType = sourcecode.swift; path = GoPiGoService.swift; sourceTree = "<group>"; };
		4F9743F71DBDCD1B001B6525 /* ButtonControlExtension.swift */ = {isa = PBXFileReference; fileEncoding = 4; lastKnownFileType = sourcecode.swift; path = ButtonControlExtension.swift; sourceTree = "<group>"; };
/* End PBXFileReference section */

/* Begin PBXFrameworksBuildPhase section */
		4F9743D61DBD9795001B6525 /* Frameworks */ = {
			isa = PBXFrameworksBuildPhase;
			buildActionMask = 2147483647;
			files = (
			);
			runOnlyForDeploymentPostprocessing = 0;
		};
/* End PBXFrameworksBuildPhase section */

/* Begin PBXGroup section */
		4F9743D01DBD9795001B6525 = {
			isa = PBXGroup;
			children = (
				4F9743DB1DBD9795001B6525 /* Curiosity */,
				4F9743DA1DBD9795001B6525 /* Products */,
			);
			sourceTree = "<group>";
		};
		4F9743DA1DBD9795001B6525 /* Products */ = {
			isa = PBXGroup;
			children = (
				4F9743D91DBD9795001B6525 /* Curiosity.app */,
			);
			name = Products;
			sourceTree = "<group>";
		};
		4F9743DB1DBD9795001B6525 /* Curiosity */ = {
			isa = PBXGroup;
			children = (
				4F9743F21DBDB632001B6525 /* Service */,
				4F9743F11DBDB629001B6525 /* Controller */,
				4F9743DC1DBD9795001B6525 /* AppDelegate.swift */,
				4F9743E01DBD9795001B6525 /* Main.storyboard */,
				4F9743E61DBD9795001B6525 /* Assets.xcassets */,
				4F9743E81DBD9795001B6525 /* LaunchScreen.storyboard */,
				4F9743EB1DBD9795001B6525 /* Info.plist */,
				4F9743E31DBD9795001B6525 /* Curiosity.xcdatamodeld */,
			);
			path = Curiosity;
			sourceTree = "<group>";
		};
		4F9743F11DBDB629001B6525 /* Controller */ = {
			isa = PBXGroup;
			children = (
				4F9743F31DBDB674001B6525 /* MainController.swift */,
				4F9743F71DBDCD1B001B6525 /* ButtonControlExtension.swift */,
			);
			name = Controller;
			sourceTree = "<group>";
		};
		4F9743F21DBDB632001B6525 /* Service */ = {
			isa = PBXGroup;
			children = (
				4F9743F51DBDBBC8001B6525 /* GoPiGoService.swift */,
			);
			name = Service;
			sourceTree = "<group>";
		};
/* End PBXGroup section */

/* Begin PBXNativeTarget section */
		4F9743D81DBD9795001B6525 /* Curiosity */ = {
			isa = PBXNativeTarget;
			buildConfigurationList = 4F9743EE1DBD9795001B6525 /* Build configuration list for PBXNativeTarget "Curiosity" */;
			buildPhases = (
				4F9743D51DBD9795001B6525 /* Sources */,
				4F9743D61DBD9795001B6525 /* Frameworks */,
				4F9743D71DBD9795001B6525 /* Resources */,
			);
			buildRules = (
			);
			dependencies = (
			);
			name = Curiosity;
			productName = Curiosity;
			productReference = 4F9743D91DBD9795001B6525 /* Curiosity.app */;
			productType = "com.apple.product-type.application";
		};
/* End PBXNativeTarget section */

/* Begin PBXProject section */
		4F9743D11DBD9795001B6525 /* Project object */ = {
			isa = PBXProject;
			attributes = {
				LastSwiftUpdateCheck = 0800;
				LastUpgradeCheck = 0800;
				ORGANIZATIONNAME = HaoBoji;
				TargetAttributes = {
					4F9743D81DBD9795001B6525 = {
						CreatedOnToolsVersion = 8.0;
						DevelopmentTeam = APNXQ4DTJ2;
						ProvisioningStyle = Automatic;
					};
				};
			};
			buildConfigurationList = 4F9743D41DBD9795001B6525 /* Build configuration list for PBXProject "Curiosity" */;
			compatibilityVersion = "Xcode 3.2";
			developmentRegion = English;
			hasScannedForEncodings = 0;
			knownRegions = (
				en,
				Base,
			);
			mainGroup = 4F9743D01DBD9795001B6525;
			productRefGroup = 4F9743DA1DBD9795001B6525 /* Products */;
			projectDirPath = "";
			projectRoot = "";
			targets = (
				4F9743D81DBD9795001B6525 /* Curiosity */,
			);
		};
/* End PBXProject section */

/* Begin PBXResourcesBuildPhase section */
		4F9743D71DBD9795001B6525 /* Resources */ = {
			isa = PBXResourcesBuildPhase;
			buildActionMask = 2147483647;
			files = (
				4F9743EA1DBD9795001B6525 /* LaunchScreen.storyboard in Resources */,
				4F9743E71DBD9795001B6525 /* Assets.xcassets in Resources */,
				4F9743E21DBD9795001B6525 /* Main.storyboard in Resources */,
			);
			runOnlyForDeploymentPostprocessing = 0;
		};
/* End PBXResourcesBuildPhase section */

/* Begin PBXSourcesBuildPhase section */
		4F9743D51DBD9795001B6525 /* Sources */ = {
			isa = PBXSourcesBuildPhase;
			buildActionMask = 2147483647;
			files = (
				4F9743F81DBDCD1B001B6525 /* ButtonControlExtension.swift in Sources */,
				4F9743F61DBDBBC8001B6525 /* GoPiGoService.swift in Sources */,
				4F9743E51DBD9795001B6525 /* Curiosity.xcdatamodeld in Sources */,
				4F9743DD1DBD9795001B6525 /* AppDelegate.swift in Sources */,
				4F9743F41DBDB674001B6525 /* MainController.swift in Sources */,
			);
			runOnlyForDeploymentPostprocessing = 0;
		};
/* End PBXSourcesBuildPhase section */

/* Begin PBXVariantGroup section */
		4F9743E01DBD9795001B6525 /* Main.storyboard */ = {
			isa = PBXVariantGroup;
			children = (
				4F9743E11DBD9795001B6525 /* Base */,
			);
			name = Main.storyboard;
			sourceTree = "<group>";
		};
		4F9743E81DBD9795001B6525 /* LaunchScreen.storyboard */ = {
			isa = PBXVariantGroup;
			children = (
				4F9743E91DBD9795001B6525 /* Base */,
			);
			name = LaunchScreen.storyboard;
			sourceTree = "<group>";
		};
/* End PBXVariantGroup section */

/* Begin XCBuildConfiguration section */
		4F9743EC1DBD9795001B6525 /* Debug */ = {
			isa = XCBuildConfiguration;
			buildSettings = {
				ALWAYS_SEARCH_USER_PATHS = NO;
				CLANG_ANALYZER_NONNULL = YES;
				CLANG_CXX_LANGUAGE_STANDARD = "gnu++0x";
				CLANG_CXX_LIBRARY = "libc++";
				CLANG_ENABLE_MODULES = YES;
				CLANG_ENABLE_OBJC_ARC = YES;
				CLANG_WARN_BOOL_CONVERSION = YES;
				CLANG_WARN_CONSTANT_CONVERSION = YES;
				CLANG_WARN_DIRECT_OBJC_ISA_USAGE = YES_ERROR;
				CLANG_WARN_DOCUMENTATION_COMMENTS = YES;
				CLANG_WARN_EMPTY_BODY = YES;
				CLANG_WARN_ENUM_CONVERSION = YES;
				CLANG_WARN_INFINITE_RECURSION = YES;
				CLANG_WARN_INT_CONVERSION = YES;
				CLANG_WARN_OBJC_ROOT_CLASS = YES_ERROR;
				CLANG_WARN_SUSPICIOUS_MOVES = YES;
				CLANG_WARN_UNREACHABLE_CODE = YES;
				CLANG_WARN__DUPLICATE_METHOD_MATCH = YES;
				"CODE_SIGN_IDENTITY[sdk=iphoneos*]" = "iPhone Developer";
				COPY_PHASE_STRIP = NO;
				DEBUG_INFORMATION_FORMAT = dwarf;
				ENABLE_STRICT_OBJC_MSGSEND = YES;
				ENABLE_TESTABILITY = YES;
				GCC_C_LANGUAGE_STANDARD = gnu99;
				GCC_DYNAMIC_NO_PIC = NO;
				GCC_NO_COMMON_BLOCKS = YES;
				GCC_OPTIMIZATION_LEVEL = 0;
				GCC_PREPROCESSOR_DEFINITIONS = (
					"DEBUG=1",
					"$(inherited)",
				);
				GCC_WARN_64_TO_32_BIT_CONVERSION = YES;
				GCC_WARN_ABOUT_RETURN_TYPE = YES_ERROR;
				GCC_WARN_UNDECLARED_SELECTOR = YES;
				GCC_WARN_UNINITIALIZED_AUTOS = YES_AGGRESSIVE;
				GCC_WARN_UNUSED_FUNCTION = YES;
				GCC_WARN_UNUSED_VARIABLE = YES;
				IPHONEOS_DEPLOYMENT_TARGET = 10.0;
				MTL_ENABLE_DEBUG_INFO = YES;
				ONLY_ACTIVE_ARCH = YES;
				SDKROOT = iphoneos;
				SWIFT_ACTIVE_COMPILATION_CONDITIONS = DEBUG;
				SWIFT_OPTIMIZATION_LEVEL = "-Onone";
				TARGETED_DEVICE_FAMILY = "1,2";
			};
			name = Debug;
		};
		4F9743ED1DBD9795001B6525 /* Release */ = {
			isa = XCBuildConfiguration;
			buildSettings = {
				ALWAYS_SEARCH_USER_PATHS = NO;
				CLANG_ANALYZER_NONNULL = YES;
				CLANG_CXX_LANGUAGE_STANDARD = "gnu++0x";
				CLANG_CXX_LIBRARY = "libc++";
				CLANG_ENABLE_MODULES = YES;
				CLANG_ENABLE_OBJC_ARC = YES;
				CLANG_WARN_BOOL_CONVERSION = YES;
				CLANG_WARN_CONSTANT_CONVERSION = YES;
				CLANG_WARN_DIRECT_OBJC_ISA_USAGE = YES_ERROR;
				CLANG_WARN_DOCUMENTATION_COMMENTS = YES;
				CLANG_WARN_EMPTY_BODY = YES;
				CLANG_WARN_ENUM_CONVERSION = YES;
				CLANG_WARN_INFINITE_RECURSION = YES;
				CLANG_WARN_INT_CONVERSION = YES;
				CLANG_WARN_OBJC_ROOT_CLASS = YES_ERROR;
				CLANG_WARN_SUSPICIOUS_MOVES = YES;
				CLANG_WARN_UNREACHABLE_CODE = YES;
				CLANG_WARN__DUPLICATE_METHOD_MATCH = YES;
				"CODE_SIGN_IDENTITY[sdk=iphoneos*]" = "iPhone Developer";
				COPY_PHASE_STRIP = NO;
				DEBUG_INFORMATION_FORMAT = "dwarf-with-dsym";
				ENABLE_NS_ASSERTIONS = NO;
				ENABLE_STRICT_OBJC_MSGSEND = YES;
				GCC_C_LANGUAGE_STANDARD = gnu99;
				GCC_NO_COMMON_BLOCKS = YES;
				GCC_WARN_64_TO_32_BIT_CONVERSION = YES;
				GCC_WARN_ABOUT_RETURN_TYPE = YES_ERROR;
				GCC_WARN_UNDECLARED_SELECTOR = YES;
				GCC_WARN_UNINITIALIZED_AUTOS = YES_AGGRESSIVE;
				GCC_WARN_UNUSED_FUNCTION = YES;
				GCC_WARN_UNUSED_VARIABLE = YES;
				IPHONEOS_DEPLOYMENT_TARGET = 10.0;
				MTL_ENABLE_DEBUG_INFO = NO;
				SDKROOT = iphoneos;
				SWIFT_OPTIMIZATION_LEVEL = "-Owholemodule";
				TARGETED_DEVICE_FAMILY = "1,2";
				VALIDATE_PRODUCT = YES;
			};
			name = Release;
		};
		4F9743EF1DBD9795001B6525 /* Debug */ = {
			isa = XCBuildConfiguration;
			buildSettings = {
				ASSETCATALOG_COMPILER_APPICON_NAME = AppIcon;
				DEVELOPMENT_TEAM = APNXQ4DTJ2;
				INFOPLIST_FILE = Curiosity/Info.plist;
				LD_RUNPATH_SEARCH_PATHS = "$(inherited) @executable_path/Frameworks";
				PRODUCT_BUNDLE_IDENTIFIER = com.haoboji.Curiosity.Curiosity;
				PRODUCT_NAME = "$(TARGET_NAME)";
				SWIFT_VERSION = 3.0;
			};
			name = Debug;
		};
		4F9743F01DBD9795001B6525 /* Release */ = {
			isa = XCBuildConfiguration;
			buildSettings = {
				ASSETCATALOG_COMPILER_APPICON_NAME = AppIcon;
				DEVELOPMENT_TEAM = APNXQ4DTJ2;
				INFOPLIST_FILE = Curiosity/Info.plist;
				LD_RUNPATH_SEARCH_PATHS = "$(inherited) @executable_path/Frameworks";
				PRODUCT_BUNDLE_IDENTIFIER = com.haoboji.Curiosity.Curiosity;
				PRODUCT_NAME = "$(TARGET_NAME)";
				SWIFT_VERSION = 3.0;
			};
			name = Release;
		};
/* End XCBuildConfiguration section */

/* Begin XCConfigurationList section */
		4F9743D41DBD9795001B6525 /* Build configuration list for PBXProject "Curiosity" */ = {
			isa = XCConfigurationList;
			buildConfigurations = (
				4F9743EC1DBD9795001B6525 /* Debug */,
				4F9743ED1DBD9795001B6525 /* Release */,
			);
			defaultConfigurationIsVisible = 0;
			defaultConfigurationName = Release;
		};
		4F9743EE1DBD9795001B6525 /* Build configuration list for PBXNativeTarget "Curiosity" */ = {
			isa = XCConfigurationList;
			buildConfigurations = (
				4F9743EF1DBD9795001B6525 /* Debug */,
				4F9743F01DBD9795001B6525 /* Release */,
			);
			defaultConfigurationIsVisible = 0;
		};
/* End XCConfigurationList section */

/* Begin XCVersionGroup section */
		4F9743E31DBD9795001B6525 /* Curiosity.xcdatamodeld */ = {
			isa = XCVersionGroup;
			children = (
				4F9743E41DBD9795001B6525 /* Curiosity.xcdatamodel */,
			);
			currentVersion = 4F9743E41DBD9795001B6525 /* Curiosity.xcdatamodel */;
			path = Curiosity.xcdatamodeld;
			sourceTree = "<group>";
			versionGroupType = wrapper.xcdatamodel;
		};
/* End XCVersionGroup section */
	};
	rootObject = 4F9743D11DBD9795001B6525 /* Project object */;
}
